{
  "version": 4,
  "terraform_version": "0.13.5",
  "serial": 5,
  "lineage": "4ff0ff74-1530-88ad-d6d0-b9f45502a788",
  "outputs": {},
  "resources": [
    {
      "mode": "managed",
      "type": "scaleway_instance_ip",
      "name": "public_ip",
      "provider": "provider[\"registry.terraform.io/scaleway/scaleway\"]",
      "instances": [
        {
          "schema_version": 0,
          "attributes": {
            "address": "51.15.135.224",
            "id": "fr-par-1/c5e722f8-7c82-422a-8990-ce607c731708",
            "organization_id": "4db4430e-bffa-48fa-a5f7-6554bd128cf8",
            "reverse": "",
            "server_id": null,
            "zone": "fr-par-1"
          },
          "private": "bnVsbA=="
        }
      ]
    },
    {
      "mode": "managed",
      "type": "scaleway_instance_security_group",
      "name": "my-security-group",
      "provider": "provider[\"registry.terraform.io/scaleway/scaleway\"]",
      "instances": [
        {
          "schema_version": 0,
          "attributes": {
            "description": "",
            "external_rules": false,
            "id": "fr-par-1/aeb0a897-419a-4da0-bb28-1965f6cb0ed7",
            "inbound_default_policy": "drop",
            "inbound_rule": [
              {
                "action": "accept",
                "ip": "",
                "ip_range": "",
                "port": 22,
                "port_range": "",
                "protocol": "TCP"
              },
              {
                "action": "accept",
                "ip": "",
                "ip_range": "",
                "port": 80,
                "port_range": "",
                "protocol": "TCP"
              },
              {
                "action": "accept",
                "ip": "",
                "ip_range": "",
                "port": 443,
                "port_range": "",
                "protocol": "TCP"
              }
            ],
            "name": "tf-sg-busy-buck",
            "organization_id": "4db4430e-bffa-48fa-a5f7-6554bd128cf8",
            "outbound_default_policy": "accept",
            "outbound_rule": [],
            "stateful": true,
            "zone": "fr-par-1"
          },
          "private": "bnVsbA=="
        }
      ]
    },
    {
      "mode": "managed",
      "type": "scaleway_instance_server",
      "name": "my-ubuntu-instance",
      "provider": "provider[\"registry.terraform.io/scaleway/scaleway\"]",
      "instances": [
        {
          "schema_version": 0,
          "attributes": {
            "additional_volume_ids": [
              "fr-par-1/effbb660-f533-473d-b08a-33254e4ca615"
            ],
            "boot_type": "local",
            "cloud_init": null,
            "disable_dynamic_ip": false,
            "disable_public_ip": false,
            "enable_dynamic_ip": false,
            "enable_ipv6": false,
            "id": "fr-par-1/1f88c941-9f07-4e9f-b4eb-a5ea2c16b5b7",
            "image": "ubuntu-focal",
            "ip_id": "fr-par-1/c5e722f8-7c82-422a-8990-ce607c731708",
            "ipv6_address": "",
            "ipv6_gateway": "",
            "ipv6_prefix_length": 0,
            "name": "tf-srv-gallant-hertz",
            "organization_id": null,
            "placement_group_id": null,
            "placement_group_policy_respected": null,
            "private_ip": "10.12.149.5",
            "public_ip": "51.15.135.224",
            "root_volume": [
              {
                "delete_on_termination": true,
                "size_in_gb": 50,
                "volume_id": "fr-par-1/ce2ef521-81eb-4310-9482-ae244a133bda"
              }
            ],
            "security_group_id": "fr-par-1/aeb0a897-419a-4da0-bb28-1965f6cb0ed7",
            "state": "started",
            "tags": [
              "FocalFossa",
              "MyUbuntuInstance"
            ],
            "type": "GP1-M",
            "user_data": [],
            "zone": "fr-par-1"
          },
          "private": "bnVsbA==",
          "dependencies": [
            "scaleway_instance_ip.public_ip",
            "scaleway_instance_security_group.my-security-group",
            "scaleway_instance_volume.data"
          ]
        }
      ]
    },
    {
      "mode": "managed",
      "type": "scaleway_instance_volume",
      "name": "data",
      "provider": "provider[\"registry.terraform.io/scaleway/scaleway\"]",
      "instances": [
        {
          "schema_version": 0,
          "attributes": {
            "from_snapshot_id": null,
            "from_volume_id": null,
            "id": "fr-par-1/effbb660-f533-473d-b08a-33254e4ca615",
            "name": "tf-vol-nervous-davinci",
            "organization_id": "4db4430e-bffa-48fa-a5f7-6554bd128cf8",
            "server_id": "",
            "size_in_gb": 550,
            "type": "l_ssd",
            "zone": "fr-par-1"
          },
          "private": "bnVsbA=="
        }
      ]
    }
  ]
}
