{
  "version": 4,
  "terraform_version": "0.13.5",
  "serial": 0,
  "lineage": "d12dc322-bfc3-2130-51e7-7b5d8495e45f",
  "outputs": {},
  "resources": [
    {
      "mode": "data",
      "type": "scaleway_account_ssh_key",
      "name": "main",
      "provider": "provider[\"registry.terraform.io/scaleway/scaleway\"]",
      "instances": [
        {
          "schema_version": 0,
          "attributes": {
            "id": "ded7dd56-0de8-45c7-ac2b-7548e188e722",
            "name": "Token",
            "organization_id": "4db4430e-bffa-48fa-a5f7-6554bd128cf8",
            "public_key": "ssh-rsa AAAAB3NzaC1yc2EAAAADAQABAAACAQDKXv3aT9qf+RvvcU/pMoDRvOJsZIp7wExZTb7c1KnJY9tzrnobkNHtYBKxVujXfXU/P0axNcY0z2avfGXhXDBDgJgoDJiXNi+CE7DKT8Ln7Q5/Klu/VcfsEdonJBqlcvlaFJn8wDQCO9lqbBIJNH8rAb4mJGPHCJQpUEoHAhzWtF0GhIbQxlWqDtgxU3ULxCfJ+NXrSWXUPCvqr7K8ecE7OvZQj4iqk5D2XT1kyrSkIW+qebhHz1aEUanKsd8T/rb8EdLrzlsmxzSyb38/04LDNsmqxCfHVdOG/voFItVAPor2xYI+X/EgVV5eo1hc4wotNHQ2SZYKiPUKe8qiJJ0+Fzxnacie4665kp6KpudIFt13G7IGDek0JcVzdzXxvK8limyr4RmsdhwMsRvvMDVqbgiACLTchCYaoMj+HLYh9hRWmbZwyeI33fRY32AYO/vxui1K2v9MMHSOukra2/Ueq9n7qnA45YXtgLRd2Iiar2kL8ytXvH+S/RO9wkf6veO7FB4iCtcT/tX0YoriIgYAWwIDsoTHOhc64w0lkCWpajt3/17MSTDL/0rMXc5JlVZ4vYvVnYXARVbQeznazE7H98UZ97LZzO97zEm15v43ZKFT9SsaHG9XGLlgEWsl92n4aTbQ/Fa2HLyI1VuD3synz2Y0GQArSt7XdlAj/+VYiQ== khaledabdulhalim@mbp-de-khaled.home",
            "ssh_key_id": "ded7dd56-0de8-45c7-ac2b-7548e188e722"
          }
        }
      ]
    },
    {
      "mode": "managed",
      "type": "scaleway_instance_ip",
      "name": "public_ip",
      "provider": "provider[\"registry.terraform.io/scaleway/scaleway\"]",
      "instances": [
        {
          "schema_version": 0,
          "attributes": {
            "address": "51.15.135.224",
            "id": "fr-par-1/c5e722f8-7c82-422a-8990-ce607c731708",
            "organization_id": "4db4430e-bffa-48fa-a5f7-6554bd128cf8",
            "reverse": "",
            "server_id": null,
            "zone": "fr-par-1"
          },
          "private": "bnVsbA=="
        }
      ]
    },
    {
      "mode": "managed",
      "type": "scaleway_instance_security_group",
      "name": "my-security-group",
      "provider": "provider[\"registry.terraform.io/scaleway/scaleway\"]",
      "instances": [
        {
          "schema_version": 0,
          "attributes": {
            "description": "",
            "external_rules": false,
            "id": "fr-par-1/fd6f3e24-730b-41d9-b735-2baaebb44f92",
            "inbound_default_policy": "drop",
            "inbound_rule": [
              {
                "action": "accept",
                "ip": "",
                "ip_range": "",
                "port": 22,
                "port_range": "",
                "protocol": "TCP"
              },
              {
                "action": "accept",
                "ip": "",
                "ip_range": "",
                "port": 80,
                "port_range": "",
                "protocol": "TCP"
              },
              {
                "action": "accept",
                "ip": "",
                "ip_range": "",
                "port": 443,
                "port_range": "",
                "protocol": "TCP"
              }
            ],
            "name": "tf-sg-unruffled-fermat",
            "organization_id": "4db4430e-bffa-48fa-a5f7-6554bd128cf8",
            "outbound_default_policy": "accept",
            "outbound_rule": [],
            "stateful": true,
            "zone": "fr-par-1"
          },
          "private": "bnVsbA=="
        }
      ]
    },
    {
      "mode": "managed",
      "type": "scaleway_instance_server",
      "name": "my-ubuntu-instance",
      "provider": "provider[\"registry.terraform.io/scaleway/scaleway\"]",
      "instances": [
        {
          "schema_version": 0,
          "attributes": {
            "additional_volume_ids": [
              "fr-par-1/99f775d5-db3d-4084-b768-81423d21b405"
            ],
            "boot_type": "local",
            "cloud_init": null,
            "disable_dynamic_ip": false,
            "disable_public_ip": false,
            "enable_dynamic_ip": false,
            "enable_ipv6": false,
            "id": "fr-par-1/82136544-619e-4233-8589-403c6117668c",
            "image": "ubuntu-focal",
            "ip_id": "fr-par-1/c5e722f8-7c82-422a-8990-ce607c731708",
            "ipv6_address": "",
            "ipv6_gateway": "",
            "ipv6_prefix_length": 0,
            "name": "tf-srv-youthful-hawking",
            "organization_id": null,
            "placement_group_id": null,
            "placement_group_policy_respected": null,
            "private_ip": "10.66.14.77",
            "public_ip": "51.15.135.224",
            "root_volume": [
              {
                "delete_on_termination": true,
                "size_in_gb": 50,
                "volume_id": "fr-par-1/2a07818e-e844-4cab-aed8-d39d63a999fc"
              }
            ],
            "security_group_id": "fr-par-1/fd6f3e24-730b-41d9-b735-2baaebb44f92",
            "state": "started",
            "tags": [
              "FocalFossa",
              "MyUbuntuInstance"
            ],
            "type": "GP1-M",
            "user_data": [],
            "zone": "fr-par-1"
          },
          "private": "bnVsbA==",
          "dependencies": [
            "scaleway_instance_ip.public_ip",
            "scaleway_instance_security_group.my-security-group",
            "scaleway_instance_volume.data"
          ]
        }
      ]
    },
    {
      "mode": "managed",
      "type": "scaleway_instance_volume",
      "name": "data",
      "provider": "provider[\"registry.terraform.io/scaleway/scaleway\"]",
      "instances": [
        {
          "schema_version": 0,
          "attributes": {
            "from_snapshot_id": null,
            "from_volume_id": null,
            "id": "fr-par-1/99f775d5-db3d-4084-b768-81423d21b405",
            "name": "tf-vol-charming-moore",
            "organization_id": "4db4430e-bffa-48fa-a5f7-6554bd128cf8",
            "server_id": "82136544-619e-4233-8589-403c6117668c",
            "size_in_gb": 550,
            "type": "l_ssd",
            "zone": "fr-par-1"
          },
          "private": "bnVsbA=="
        }
      ]
    }
  ]
}
